<?xml version="1.0" encoding="utf-8"?>
<Project ToolsVersion="4.0" xmlns="http://schemas.microsoft.com/developer/msbuild/2003">
  <ItemGroup>
    <Filter Include="Source Files">
      <UniqueIdentifier>{4FC737F1-C7A5-4376-A066-2A32D752A2FF}</UniqueIdentifier>
      <Extensions>cpp;c;cc;cxx;c++;cppm;ixx;def;odl;idl;hpj;bat;asm;asmx</Extensions>
    </Filter>
    <Filter Include="Header Files">
      <UniqueIdentifier>{93995380-89BD-4b04-88EB-625FBE52EBFB}</UniqueIdentifier>
      <Extensions>h;hh;hpp;hxx;h++;hm;inl;inc;ipp;xsd</Extensions>
    </Filter>
    <Filter Include="Resource Files">
      <UniqueIdentifier>{67DA6AB6-F800-4c08-8B7A-83BB121AAD01}</UniqueIdentifier>
      <Extensions>rc;ico;cur;bmp;dlg;rc2;rct;bin;rgs;gif;jpg;jpeg;jpe;resx;tiff;tif;png;wav;mfcribbon-ms</Extensions>
    </Filter>
    <Filter Include="Render API">
      <UniqueIdentifier>{63c02949-d812-4d13-8081-45057e048c98}</UniqueIdentifier>
    </Filter>
    <Filter Include="Render API\DirectX12">
      <UniqueIdentifier>{7bfc617a-e57a-4d1e-9860-aaa95dbb75ca}</UniqueIdentifier>
    </Filter>
    <Filter Include="Render API\DirectX12\DXGI">
      <UniqueIdentifier>{cd41aea6-649d-4720-bab7-f0cad261a402}</UniqueIdentifier>
    </Filter>
    <Filter Include="Render API\DirectX12\Base">
      <UniqueIdentifier>{fa0ca9fa-45e6-45ec-9408-7bbe0116a51a}</UniqueIdentifier>
    </Filter>
    <Filter Include="Render API\DirectX12\Debug">
      <UniqueIdentifier>{f662d5b4-2a10-4dac-8327-9c10e036c05c}</UniqueIdentifier>
    </Filter>
    <Filter Include="Render API\DirectX12\Commands">
      <UniqueIdentifier>{17804da5-aa62-47b9-9acd-5c44f6561a85}</UniqueIdentifier>
    </Filter>
    <Filter Include="Render API\DirectX12\Ressource">
      <UniqueIdentifier>{e1ca661b-4e9e-457e-99a1-3b08b4524e42}</UniqueIdentifier>
    </Filter>
    <Filter Include="Render API\DirectX12\Pipeline">
      <UniqueIdentifier>{853df583-a8ef-4383-b2bf-e0a0a6eb4674}</UniqueIdentifier>
    </Filter>
    <Filter Include="Utils">
      <UniqueIdentifier>{9f5432ff-b129-420a-bf88-d0497d16b1f8}</UniqueIdentifier>
    </Filter>
    <Filter Include="Render API\DirectX12\Descriptors">
      <UniqueIdentifier>{3b8580da-9fc5-4f5b-bf83-434f8b0cddc9}</UniqueIdentifier>
    </Filter>
    <Filter Include="Render API\DirectX12\MemoryManagement">
      <UniqueIdentifier>{a96478ea-20c6-4113-88c1-f175fdda3a85}</UniqueIdentifier>
    </Filter>
  </ItemGroup>
  <ItemGroup>
    <ClInclude Include="pch.h">
      <Filter>Header Files</Filter>
    </ClInclude>
    <ClInclude Include="EngineMin.h">
      <Filter>Header Files</Filter>
    </ClInclude>
    <ClInclude Include="Application.h">
      <Filter>Header Files</Filter>
    </ClInclude>
    <ClInclude Include="RenderAPI.h">
      <Filter>Render API</Filter>
    </ClInclude>
    <ClInclude Include="DXGIFactory.h">
      <Filter>Render API\DirectX12\DXGI</Filter>
    </ClInclude>
    <ClInclude Include="Helper.h">
      <Filter>Header Files</Filter>
    </ClInclude>
    <ClInclude Include="DXGIAdapter.h">
      <Filter>Render API\DirectX12\DXGI</Filter>
    </ClInclude>
    <ClInclude Include="D12Device.h">
      <Filter>Render API\DirectX12\Base</Filter>
    </ClInclude>
    <ClInclude Include="D12Debug.h">
      <Filter>Render API\DirectX12\Debug</Filter>
    </ClInclude>
    <ClInclude Include="DXDebug.h">
      <Filter>Render API\DirectX12\Debug</Filter>
    </ClInclude>
    <ClInclude Include="D12CommandQueue.h">
      <Filter>Render API\DirectX12\Commands</Filter>
    </ClInclude>
    <ClInclude Include="D12CommandList.h">
      <Filter>Render API\DirectX12\Commands</Filter>
    </ClInclude>
    <ClInclude Include="DXGISwapChain.h">
      <Filter>Render API\DirectX12\DXGI</Filter>
    </ClInclude>
    <ClInclude Include="EngineSettings.h">
      <Filter>Header Files</Filter>
    </ClInclude>
    <ClInclude Include="D12Ressource.h">
      <Filter>Render API\DirectX12\Ressource</Filter>
    </ClInclude>
    <ClInclude Include="RenderDataTypes.h">
      <Filter>Render API</Filter>
    </ClInclude>
    <ClInclude Include="HLSLShader.h">
      <Filter>Render API\DirectX12\Pipeline</Filter>
    </ClInclude>
    <ClInclude Include="D12RootSignature.h">
      <Filter>Render API\DirectX12\Pipeline</Filter>
    </ClInclude>
    <ClInclude Include="D12PipelineState.h">
      <Filter>Render API\DirectX12\Pipeline</Filter>
    </ClInclude>
    <ClInclude Include="Utils.h">
      <Filter>Utils</Filter>
    </ClInclude>
    <ClInclude Include="D12DescriptorHeap.h">
      <Filter>Render API\DirectX12\Descriptors</Filter>
    </ClInclude>
    <ClInclude Include="BufferUploader.h">
      <Filter>Render API\DirectX12\MemoryManagement</Filter>
    </ClInclude>
  </ItemGroup>
  <ItemGroup>
    <ClCompile Include="pch.cpp">
      <Filter>Source Files</Filter>
    </ClCompile>
    <ClCompile Include="Application.cpp">
      <Filter>Source Files</Filter>
    </ClCompile>
    <ClCompile Include="RenderAPI.cpp">
      <Filter>Render API</Filter>
    </ClCompile>
    <ClCompile Include="DXGIFactory.cpp">
      <Filter>Render API\DirectX12\DXGI</Filter>
    </ClCompile>
    <ClCompile Include="DXGIAdapter.cpp">
      <Filter>Render API\DirectX12\DXGI</Filter>
    </ClCompile>
    <ClCompile Include="D12Device.cpp">
      <Filter>Render API\DirectX12\Base</Filter>
    </ClCompile>
    <ClCompile Include="D12Debug.cpp">
      <Filter>Render API\DirectX12\Debug</Filter>
    </ClCompile>
    <ClCompile Include="DXDebug.cpp">
      <Filter>Render API\DirectX12\Debug</Filter>
    </ClCompile>
    <ClCompile Include="D12CommandQueue.cpp">
      <Filter>Render API\DirectX12\Commands</Filter>
    </ClCompile>
    <ClCompile Include="D12CommandList.cpp">
      <Filter>Render API\DirectX12\Commands</Filter>
    </ClCompile>
    <ClCompile Include="DXGISwapChain.cpp">
      <Filter>Render API\DirectX12\DXGI</Filter>
    </ClCompile>
    <ClCompile Include="D12Ressource.cpp">
      <Filter>Render API\DirectX12\Ressource</Filter>
    </ClCompile>
    <ClCompile Include="HLSLShader.cpp">
      <Filter>Render API\DirectX12\Pipeline</Filter>
    </ClCompile>
    <ClCompile Include="D12RootSignature.cpp">
      <Filter>Render API\DirectX12\Pipeline</Filter>
    </ClCompile>
    <ClCompile Include="D12PipelineState.cpp">
      <Filter>Render API\DirectX12\Pipeline</Filter>
    </ClCompile>
    <ClCompile Include="Utils.cpp">
      <Filter>Utils</Filter>
    </ClCompile>
    <ClCompile Include="D12DescriptorHeap.cpp">
      <Filter>Render API\DirectX12\Descriptors</Filter>
    </ClCompile>
    <ClCompile Include="BufferUploader.cpp">
      <Filter>Render API\DirectX12\MemoryManagement</Filter>
    </ClCompile>
  </ItemGroup>
  <ItemGroup>
    <Text Include="ToDo.txt" />
  </ItemGroup>
</Project>